
Microsoft Visual Studio Solution File, Format Version 12.00
# Visual Studio Version 16
VisualStudioVersion = 16.0.30413.136
MinimumVisualStudioVersion = 10.0.40219.1
Project("{FAE04EC0-301F-11D3-BF4B-00C04F79EFBC}") = "ForgeSample1", "ForgeSample1.csproj", "{0137CA12-5707-4368-8849-68A6DA346CAE}"
EndProject
Global
	GlobalSection(SolutionConfigurationPlatforms) = preSolution
		Debug|Any CPU = Debug|Any CPU
		Release|Any CPU = Release|Any CPU
	EndGlobalSection
	GlobalSection(ProjectConfigurationPlatforms) = postSolution
		{0137CA12-5707-4368-8849-68A6DA346CAE}.Debug|Any CPU.ActiveCfg = Debug|Any CPU
		{0137CA12-5707-4368-8849-68A6DA346CAE}.Debug|Any CPU.Build.0 = Debug|Any CPU
		{0137CA12-5707-4368-8849-68A6DA346CAE}.Release|Any CPU.ActiveCfg = Release|Any CPU
		{0137CA12-5707-4368-8849-68A6DA346CAE}.Release|Any CPU.Build.0 = Release|Any CPU
	EndGlobalSection
	GlobalSection(SolutionProperties) = preSolution
		HideSolutionNode = FALSE
	EndGlobalSection
	GlobalSection(ExtensibilityGlobals) = postSolution
		SolutionGuid = {789967C7-B9AC-4924-B867-9241FC74AF20}
	EndGlobalSection
EndGlobal
